
Microsoft Visual Studio Solution File, Format Version 12.00
# Visual Studio Version 16
VisualStudioVersion = 16.0.33130.400
MinimumVisualStudioVersion = 10.0.40219.1
Project("{FAE04EC0-301F-11D3-BF4B-00C04F79EFBC}") = "BookStore", "BookStore.csproj", "{6607E9B5-DBF7-461A-81BB-AF039C84954C}"
EndProject
Global
	GlobalSection(SolutionConfigurationPlatforms) = preSolution
		Debug|Any CPU = Debug|Any CPU
		Release|Any CPU = Release|Any CPU
	EndGlobalSection
	GlobalSection(ProjectConfigurationPlatforms) = postSolution
		{6607E9B5-DBF7-461A-81BB-AF039C84954C}.Debug|Any CPU.ActiveCfg = Debug|Any CPU
		{6607E9B5-DBF7-461A-81BB-AF039C84954C}.Debug|Any CPU.Build.0 = Debug|Any CPU
		{6607E9B5-DBF7-461A-81BB-AF039C84954C}.Release|Any CPU.ActiveCfg = Release|Any CPU
		{6607E9B5-DBF7-461A-81BB-AF039C84954C}.Release|Any CPU.Build.0 = Release|Any CPU
	EndGlobalSection
	GlobalSection(SolutionProperties) = preSolution
		HideSolutionNode = FALSE
	EndGlobalSection
	GlobalSection(ExtensibilityGlobals) = postSolution
		SolutionGuid = {516DD634-0043-4A5A-991A-48DCBB835ED6}
	EndGlobalSection
EndGlobal
